
Microsoft Visual Studio Solution File, Format Version 12.00
# Visual Studio Version 16
VisualStudioVersion = 16.0.32106.194
MinimumVisualStudioVersion = 10.0.40219.1
Project("{FAE04EC0-301F-11D3-BF4B-00C04F79EFBC}") = "Hrdina a drak - streda 12", "Hrdina a drak - streda 12\Hrdina a drak - streda 12.csproj", "{C137FDA0-E577-41D1-A80E-4016CB1F36EF}"
EndProject
Global
	GlobalSection(SolutionConfigurationPlatforms) = preSolution
		Debug|Any CPU = Debug|Any CPU
		Release|Any CPU = Release|Any CPU
	EndGlobalSection
	GlobalSection(ProjectConfigurationPlatforms) = postSolution
		{C137FDA0-E577-41D1-A80E-4016CB1F36EF}.Debug|Any CPU.ActiveCfg = Debug|Any CPU
		{C137FDA0-E577-41D1-A80E-4016CB1F36EF}.Debug|Any CPU.Build.0 = Debug|Any CPU
		{C137FDA0-E577-41D1-A80E-4016CB1F36EF}.Release|Any CPU.ActiveCfg = Release|Any CPU
		{C137FDA0-E577-41D1-A80E-4016CB1F36EF}.Release|Any CPU.Build.0 = Release|Any CPU
	EndGlobalSection
	GlobalSection(SolutionProperties) = preSolution
		HideSolutionNode = FALSE
	EndGlobalSection
	GlobalSection(ExtensibilityGlobals) = postSolution
		SolutionGuid = {38807D94-23F2-4841-98BF-822CCA276EB7}
	EndGlobalSection
EndGlobal
